
Microsoft Visual Studio Solution File, Format Version 12.00
# Visual Studio Version 17
VisualStudioVersion = 17.4.33213.308
MinimumVisualStudioVersion = 10.0.40219.1
Project("{FAE04EC0-301F-11D3-BF4B-00C04F79EFBC}") = "deliverable3_IterativeStatement", "deliverable3_IterativeStatement.csproj", "{6500ED40-C09F-42A6-B4BA-54AA8F66335B}"
EndProject
Global
	GlobalSection(SolutionConfigurationPlatforms) = preSolution
		Debug|Any CPU = Debug|Any CPU
		Release|Any CPU = Release|Any CPU
	EndGlobalSection
	GlobalSection(ProjectConfigurationPlatforms) = postSolution
		{6500ED40-C09F-42A6-B4BA-54AA8F66335B}.Debug|Any CPU.ActiveCfg = Debug|Any CPU
		{6500ED40-C09F-42A6-B4BA-54AA8F66335B}.Debug|Any CPU.Build.0 = Debug|Any CPU
		{6500ED40-C09F-42A6-B4BA-54AA8F66335B}.Release|Any CPU.ActiveCfg = Release|Any CPU
		{6500ED40-C09F-42A6-B4BA-54AA8F66335B}.Release|Any CPU.Build.0 = Release|Any CPU
	EndGlobalSection
	GlobalSection(SolutionProperties) = preSolution
		HideSolutionNode = FALSE
	EndGlobalSection
	GlobalSection(ExtensibilityGlobals) = postSolution
		SolutionGuid = {62C07A1A-65EA-47C3-AE50-11B677F5C425}
	EndGlobalSection
EndGlobal
